
Microsoft Visual Studio Solution File, Format Version 12.00
# Visual Studio Version 17
VisualStudioVersion = 17.0.31903.59
MinimumVisualStudioVersion = 10.0.40219.1
Project("{9A19103F-16F7-4668-BE54-9A1E7A4F7556}") = "eProdaja", "eProdaja.csproj", "{3300213C-D26F-4280-B4F4-4391D0F2B7ED}"
EndProject
Project("{9A19103F-16F7-4668-BE54-9A1E7A4F7556}") = "eProdaja.Services", "..\eProdaja.Services\eProdaja.Services.csproj", "{9AA70DEA-52BF-4B03-9070-DF481050EF5B}"
EndProject
Project("{9A19103F-16F7-4668-BE54-9A1E7A4F7556}") = "eProdaja.Model", "..\eProdaja.Model\eProdaja.Model.csproj", "{0E4688A9-4106-478A-A8EA-19DA4D85C541}"
EndProject
Project("{9A19103F-16F7-4668-BE54-9A1E7A4F7556}") = "eProdaja.WinUI", "..\eProdaja.WinUI\eProdaja.WinUI.csproj", "{8BF6D37F-4FE6-4446-A693-4F0A3AFB4AA5}"
EndProject
Project("{2150E333-8FDC-42A3-9474-1A3956D46DE8}") = "Solution Items", "Solution Items", "{ED0E6430-1EDE-49BB-B2B7-22B53C07931D}"
	ProjectSection(SolutionItems) = preProject
		..\docker-compose.yml = ..\docker-compose.yml
		..\Dockerfile = ..\Dockerfile
	EndProjectSection
EndProject
Global
	GlobalSection(SolutionConfigurationPlatforms) = preSolution
		Debug|Any CPU = Debug|Any CPU
		Release|Any CPU = Release|Any CPU
	EndGlobalSection
	GlobalSection(ProjectConfigurationPlatforms) = postSolution
		{3300213C-D26F-4280-B4F4-4391D0F2B7ED}.Debug|Any CPU.ActiveCfg = Debug|Any CPU
		{3300213C-D26F-4280-B4F4-4391D0F2B7ED}.Debug|Any CPU.Build.0 = Debug|Any CPU
		{3300213C-D26F-4280-B4F4-4391D0F2B7ED}.Release|Any CPU.ActiveCfg = Release|Any CPU
		{3300213C-D26F-4280-B4F4-4391D0F2B7ED}.Release|Any CPU.Build.0 = Release|Any CPU
		{9AA70DEA-52BF-4B03-9070-DF481050EF5B}.Debug|Any CPU.ActiveCfg = Debug|Any CPU
		{9AA70DEA-52BF-4B03-9070-DF481050EF5B}.Debug|Any CPU.Build.0 = Debug|Any CPU
		{9AA70DEA-52BF-4B03-9070-DF481050EF5B}.Release|Any CPU.ActiveCfg = Release|Any CPU
		{9AA70DEA-52BF-4B03-9070-DF481050EF5B}.Release|Any CPU.Build.0 = Release|Any CPU
		{0E4688A9-4106-478A-A8EA-19DA4D85C541}.Debug|Any CPU.ActiveCfg = Debug|Any CPU
		{0E4688A9-4106-478A-A8EA-19DA4D85C541}.Debug|Any CPU.Build.0 = Debug|Any CPU
		{0E4688A9-4106-478A-A8EA-19DA4D85C541}.Release|Any CPU.ActiveCfg = Release|Any CPU
		{0E4688A9-4106-478A-A8EA-19DA4D85C541}.Release|Any CPU.Build.0 = Release|Any CPU
		{8BF6D37F-4FE6-4446-A693-4F0A3AFB4AA5}.Debug|Any CPU.ActiveCfg = Debug|Any CPU
		{8BF6D37F-4FE6-4446-A693-4F0A3AFB4AA5}.Debug|Any CPU.Build.0 = Debug|Any CPU
		{8BF6D37F-4FE6-4446-A693-4F0A3AFB4AA5}.Release|Any CPU.ActiveCfg = Release|Any CPU
		{8BF6D37F-4FE6-4446-A693-4F0A3AFB4AA5}.Release|Any CPU.Build.0 = Release|Any CPU
	EndGlobalSection
	GlobalSection(SolutionProperties) = preSolution
		HideSolutionNode = FALSE
	EndGlobalSection
	GlobalSection(ExtensibilityGlobals) = postSolution
		SolutionGuid = {51134FC8-17F8-40AF-A849-FB9A35DE29AD}
	EndGlobalSection
EndGlobal
